// !$*UTF8*$!
{
	archiveVersion = 1;
	classes = {
	};
	objectVersion = 56;
	objects = {

/* Begin PBXBuildFile section */
		515899EB2BAEFDB900DC3959 /* AppDelegate.swift in Sources */ = {isa = PBXBuildFile; fileRef = 515899EA2BAEFDB900DC3959 /* AppDelegate.swift */; };
		515899ED2BAEFDB900DC3959 /* SceneDelegate.swift in Sources */ = {isa = PBXBuildFile; fileRef = 515899EC2BAEFDB900DC3959 /* SceneDelegate.swift */; };
		515899EF2BAEFDB900DC3959 /* ViewController.swift in Sources */ = {isa = PBXBuildFile; fileRef = 515899EE2BAEFDB900DC3959 /* ViewController.swift */; };
		515899F22BAEFDB900DC3959 /* Main.storyboard in Resources */ = {isa = PBXBuildFile; fileRef = 515899F02BAEFDB900DC3959 /* Main.storyboard */; };
		515899F52BAEFDB900DC3959 /* travelBook.xcdatamodeld in Sources */ = {isa = PBXBuildFile; fileRef = 515899F32BAEFDB900DC3959 /* travelBook.xcdatamodeld */; };
		515899F72BAEFDBB00DC3959 /* Assets.xcassets in Resources */ = {isa = PBXBuildFile; fileRef = 515899F62BAEFDBB00DC3959 /* Assets.xcassets */; };
		515899FA2BAEFDBB00DC3959 /* LaunchScreen.storyboard in Resources */ = {isa = PBXBuildFile; fileRef = 515899F82BAEFDBB00DC3959 /* LaunchScreen.storyboard */; };
		51589A042BAF18DD00DC3959 /* ListViewController.swift in Sources */ = {isa = PBXBuildFile; fileRef = 51589A032BAF18DD00DC3959 /* ListViewController.swift */; };
/* End PBXBuildFile section */

/* Begin PBXFileReference section */
		515899E72BAEFDB900DC3959 /* travelBook.app */ = {isa = PBXFileReference; explicitFileType = wrapper.application; includeInIndex = 0; path = travelBook.app; sourceTree = BUILT_PRODUCTS_DIR; };
		515899EA2BAEFDB900DC3959 /* AppDelegate.swift */ = {isa = PBXFileReference; lastKnownFileType = sourcecode.swift; path = AppDelegate.swift; sourceTree = "<group>"; };
		515899EC2BAEFDB900DC3959 /* SceneDelegate.swift */ = {isa = PBXFileReference; lastKnownFileType = sourcecode.swift; path = SceneDelegate.swift; sourceTree = "<group>"; };
		515899EE2BAEFDB900DC3959 /* ViewController.swift */ = {isa = PBXFileReference; lastKnownFileType = sourcecode.swift; path = ViewController.swift; sourceTree = "<group>"; };
		515899F12BAEFDB900DC3959 /* Base */ = {isa = PBXFileReference; lastKnownFileType = file.storyboard; name = Base; path = Base.lproj/Main.storyboard; sourceTree = "<group>"; };
		515899F42BAEFDB900DC3959 /* travelBook.xcdatamodel */ = {isa = PBXFileReference; lastKnownFileType = wrapper.xcdatamodel; path = travelBook.xcdatamodel; sourceTree = "<group>"; };
		515899F62BAEFDBB00DC3959 /* Assets.xcassets */ = {isa = PBXFileReference; lastKnownFileType = folder.assetcatalog; path = Assets.xcassets; sourceTree = "<group>"; };
		515899F92BAEFDBB00DC3959 /* Base */ = {isa = PBXFileReference; lastKnownFileType = file.storyboard; name = Base; path = Base.lproj/LaunchScreen.storyboard; sourceTree = "<group>"; };
		515899FB2BAEFDBB00DC3959 /* Info.plist */ = {isa = PBXFileReference; lastKnownFileType = text.plist.xml; path = Info.plist; sourceTree = "<group>"; };
		51589A032BAF18DD00DC3959 /* ListViewController.swift */ = {isa = PBXFileReference; lastKnownFileType = sourcecode.swift; path = ListViewController.swift; sourceTree = "<group>"; };
/* End PBXFileReference section */

/* Begin PBXFrameworksBuildPhase section */
		515899E42BAEFDB900DC3959 /* Frameworks */ = {
			isa = PBXFrameworksBuildPhase;
			buildActionMask = 2147483647;
			files = (
			);
			runOnlyForDeploymentPostprocessing = 0;
		};
/* End PBXFrameworksBuildPhase section */

/* Begin PBXGroup section */
		515899DE2BAEFDB900DC3959 = {
			isa = PBXGroup;
			children = (
				515899E92BAEFDB900DC3959 /* travelBook */,
				515899E82BAEFDB900DC3959 /* Products */,
			);
			sourceTree = "<group>";
		};
		515899E82BAEFDB900DC3959 /* Products */ = {
			isa = PBXGroup;
			children = (
				515899E72BAEFDB900DC3959 /* travelBook.app */,
			);
			name = Products;
			sourceTree = "<group>";
		};
		515899E92BAEFDB900DC3959 /* travelBook */ = {
			isa = PBXGroup;
			children = (
				515899EA2BAEFDB900DC3959 /* AppDelegate.swift */,
				515899EC2BAEFDB900DC3959 /* SceneDelegate.swift */,
				515899EE2BAEFDB900DC3959 /* ViewController.swift */,
				51589A032BAF18DD00DC3959 /* ListViewController.swift */,
				515899F02BAEFDB900DC3959 /* Main.storyboard */,
				515899F62BAEFDBB00DC3959 /* Assets.xcassets */,
				515899F82BAEFDBB00DC3959 /* LaunchScreen.storyboard */,
				515899FB2BAEFDBB00DC3959 /* Info.plist */,
				515899F32BAEFDB900DC3959 /* travelBook.xcdatamodeld */,
			);
			path = travelBook;
			sourceTree = "<group>";
		};
/* End PBXGroup section */

/* Begin PBXNativeTarget section */
		515899E62BAEFDB900DC3959 /* travelBook */ = {
			isa = PBXNativeTarget;
			buildConfigurationList = 515899FE2BAEFDBB00DC3959 /* Build configuration list for PBXNativeTarget "travelBook" */;
			buildPhases = (
				515899E32BAEFDB900DC3959 /* Sources */,
				515899E42BAEFDB900DC3959 /* Frameworks */,
				515899E52BAEFDB900DC3959 /* Resources */,
			);
			buildRules = (
			);
			dependencies = (
			);
			name = travelBook;
			productName = travelBook;
			productReference = 515899E72BAEFDB900DC3959 /* travelBook.app */;
			productType = "com.apple.product-type.application";
		};
/* End PBXNativeTarget section */

/* Begin PBXProject section */
		515899DF2BAEFDB900DC3959 /* Project object */ = {
			isa = PBXProject;
			attributes = {
				BuildIndependentTargetsInParallel = 1;
				LastSwiftUpdateCheck = 1520;
				LastUpgradeCheck = 1520;
				TargetAttributes = {
					515899E62BAEFDB900DC3959 = {
						CreatedOnToolsVersion = 15.2;
					};
				};
			};
			buildConfigurationList = 515899E22BAEFDB900DC3959 /* Build configuration list for PBXProject "travelBook" */;
			compatibilityVersion = "Xcode 14.0";
			developmentRegion = en;
			hasScannedForEncodings = 0;
			knownRegions = (
				en,
				Base,
			);
			mainGroup = 515899DE2BAEFDB900DC3959;
			productRefGroup = 515899E82BAEFDB900DC3959 /* Products */;
			projectDirPath = "";
			projectRoot = "";
			targets = (
				515899E62BAEFDB900DC3959 /* travelBook */,
			);
		};
/* End PBXProject section */

/* Begin PBXResourcesBuildPhase section */
		515899E52BAEFDB900DC3959 /* Resources */ = {
			isa = PBXResourcesBuildPhase;
			buildActionMask = 2147483647;
			files = (
				515899FA2BAEFDBB00DC3959 /* LaunchScreen.storyboard in Resources */,
				515899F72BAEFDBB00DC3959 /* Assets.xcassets in Resources */,
				515899F22BAEFDB900DC3959 /* Main.storyboard in Resources */,
			);
			runOnlyForDeploymentPostprocessing = 0;
		};
/* End PBXResourcesBuildPhase section */

/* Begin PBXSourcesBuildPhase section */
		515899E32BAEFDB900DC3959 /* Sources */ = {
			isa = PBXSourcesBuildPhase;
			buildActionMask = 2147483647;
			files = (
				515899F52BAEFDB900DC3959 /* travelBook.xcdatamodeld in Sources */,
				515899EF2BAEFDB900DC3959 /* ViewController.swift in Sources */,
				515899EB2BAEFDB900DC3959 /* AppDelegate.swift in Sources */,
				51589A042BAF18DD00DC3959 /* ListViewController.swift in Sources */,
				515899ED2BAEFDB900DC3959 /* SceneDelegate.swift in Sources */,
			);
			runOnlyForDeploymentPostprocessing = 0;
		};
/* End PBXSourcesBuildPhase section */

/* Begin PBXVariantGroup section */
		515899F02BAEFDB900DC3959 /* Main.storyboard */ = {
			isa = PBXVariantGroup;
			children = (
				515899F12BAEFDB900DC3959 /* Base */,
			);
			name = Main.storyboard;
			sourceTree = "<group>";
		};
		515899F82BAEFDBB00DC3959 /* LaunchScreen.storyboard */ = {
			isa = PBXVariantGroup;
			children = (
				515899F92BAEFDBB00DC3959 /* Base */,
			);
			name = LaunchScreen.storyboard;
			sourceTree = "<group>";
		};
/* End PBXVariantGroup section */

/* Begin XCBuildConfiguration section */
		515899FC2BAEFDBB00DC3959 /* Debug */ = {
			isa = XCBuildConfiguration;
			buildSettings = {
				ALWAYS_SEARCH_USER_PATHS = NO;
				ASSETCATALOG_COMPILER_GENERATE_SWIFT_ASSET_SYMBOL_EXTENSIONS = YES;
				CLANG_ANALYZER_NONNULL = YES;
				CLANG_ANALYZER_NUMBER_OBJECT_CONVERSION = YES_AGGRESSIVE;
				CLANG_CXX_LANGUAGE_STANDARD = "gnu++20";
				CLANG_ENABLE_MODULES = YES;
				CLANG_ENABLE_OBJC_ARC = YES;
				CLANG_ENABLE_OBJC_WEAK = YES;
				CLANG_WARN_BLOCK_CAPTURE_AUTORELEASING = YES;
				CLANG_WARN_BOOL_CONVERSION = YES;
				CLANG_WARN_COMMA = YES;
				CLANG_WARN_CONSTANT_CONVERSION = YES;
				CLANG_WARN_DEPRECATED_OBJC_IMPLEMENTATIONS = YES;
				CLANG_WARN_DIRECT_OBJC_ISA_USAGE = YES_ERROR;
				CLANG_WARN_DOCUMENTATION_COMMENTS = YES;
				CLANG_WARN_EMPTY_BODY = YES;
				CLANG_WARN_ENUM_CONVERSION = YES;
				CLANG_WARN_INFINITE_RECURSION = YES;
				CLANG_WARN_INT_CONVERSION = YES;
				CLANG_WARN_NON_LITERAL_NULL_CONVERSION = YES;
				CLANG_WARN_OBJC_IMPLICIT_RETAIN_SELF = YES;
				CLANG_WARN_OBJC_LITERAL_CONVERSION = YES;
				CLANG_WARN_OBJC_ROOT_CLASS = YES_ERROR;
				CLANG_WARN_QUOTED_INCLUDE_IN_FRAMEWORK_HEADER = YES;
				CLANG_WARN_RANGE_LOOP_ANALYSIS = YES;
				CLANG_WARN_STRICT_PROTOTYPES = YES;
				CLANG_WARN_SUSPICIOUS_MOVE = YES;
				CLANG_WARN_UNGUARDED_AVAILABILITY = YES_AGGRESSIVE;
				CLANG_WARN_UNREACHABLE_CODE = YES;
				CLANG_WARN__DUPLICATE_METHOD_MATCH = YES;
				COPY_PHASE_STRIP = NO;
				DEBUG_INFORMATION_FORMAT = dwarf;
				ENABLE_STRICT_OBJC_MSGSEND = YES;
				ENABLE_TESTABILITY = YES;
				ENABLE_USER_SCRIPT_SANDBOXING = YES;
				GCC_C_LANGUAGE_STANDARD = gnu17;
				GCC_DYNAMIC_NO_PIC = NO;
				GCC_NO_COMMON_BLOCKS = YES;
				GCC_OPTIMIZATION_LEVEL = 0;
				GCC_PREPROCESSOR_DEFINITIONS = (
					"DEBUG=1",
					"$(inherited)",
				);
				GCC_WARN_64_TO_32_BIT_CONVERSION = YES;
				GCC_WARN_ABOUT_RETURN_TYPE = YES_ERROR;
				GCC_WARN_UNDECLARED_SELECTOR = YES;
				GCC_WARN_UNINITIALIZED_AUTOS = YES_AGGRESSIVE;
				GCC_WARN_UNUSED_FUNCTION = YES;
				GCC_WARN_UNUSED_VARIABLE = YES;
				IPHONEOS_DEPLOYMENT_TARGET = 17.2;
				LOCALIZATION_PREFERS_STRING_CATALOGS = YES;
				MTL_ENABLE_DEBUG_INFO = INCLUDE_SOURCE;
				MTL_FAST_MATH = YES;
				ONLY_ACTIVE_ARCH = YES;
				SDKROOT = iphoneos;
				SWIFT_ACTIVE_COMPILATION_CONDITIONS = "DEBUG $(inherited)";
				SWIFT_OPTIMIZATION_LEVEL = "-Onone";
			};
			name = Debug;
		};
		515899FD2BAEFDBB00DC3959 /* Release */ = {
			isa = XCBuildConfiguration;
			buildSettings = {
				ALWAYS_SEARCH_USER_PATHS = NO;
				ASSETCATALOG_COMPILER_GENERATE_SWIFT_ASSET_SYMBOL_EXTENSIONS = YES;
				CLANG_ANALYZER_NONNULL = YES;
				CLANG_ANALYZER_NUMBER_OBJECT_CONVERSION = YES_AGGRESSIVE;
				CLANG_CXX_LANGUAGE_STANDARD = "gnu++20";
				CLANG_ENABLE_MODULES = YES;
				CLANG_ENABLE_OBJC_ARC = YES;
				CLANG_ENABLE_OBJC_WEAK = YES;
				CLANG_WARN_BLOCK_CAPTURE_AUTORELEASING = YES;
				CLANG_WARN_BOOL_CONVERSION = YES;
				CLANG_WARN_COMMA = YES;
				CLANG_WARN_CONSTANT_CONVERSION = YES;
				CLANG_WARN_DEPRECATED_OBJC_IMPLEMENTATIONS = YES;
				CLANG_WARN_DIRECT_OBJC_ISA_USAGE = YES_ERROR;
				CLANG_WARN_DOCUMENTATION_COMMENTS = YES;
				CLANG_WARN_EMPTY_BODY = YES;
				CLANG_WARN_ENUM_CONVERSION = YES;
				CLANG_WARN_INFINITE_RECURSION = YES;
				CLANG_WARN_INT_CONVERSION = YES;
				CLANG_WARN_NON_LITERAL_NULL_CONVERSION = YES;
				CLANG_WARN_OBJC_IMPLICIT_RETAIN_SELF = YES;
				CLANG_WARN_OBJC_LITERAL_CONVERSION = YES;
				CLANG_WARN_OBJC_ROOT_CLASS = YES_ERROR;
				CLANG_WARN_QUOTED_INCLUDE_IN_FRAMEWORK_HEADER = YES;
				CLANG_WARN_RANGE_LOOP_ANALYSIS = YES;
				CLANG_WARN_STRICT_PROTOTYPES = YES;
				CLANG_WARN_SUSPICIOUS_MOVE = YES;
				CLANG_WARN_UNGUARDED_AVAILABILITY = YES_AGGRESSIVE;
				CLANG_WARN_UNREACHABLE_CODE = YES;
				CLANG_WARN__DUPLICATE_METHOD_MATCH = YES;
				COPY_PHASE_STRIP = NO;
				DEBUG_INFORMATION_FORMAT = "dwarf-with-dsym";
				ENABLE_NS_ASSERTIONS = NO;
				ENABLE_STRICT_OBJC_MSGSEND = YES;
				ENABLE_USER_SCRIPT_SANDBOXING = YES;
				GCC_C_LANGUAGE_STANDARD = gnu17;
				GCC_NO_COMMON_BLOCKS = YES;
				GCC_WARN_64_TO_32_BIT_CONVERSION = YES;
				GCC_WARN_ABOUT_RETURN_TYPE = YES_ERROR;
				GCC_WARN_UNDECLARED_SELECTOR = YES;
				GCC_WARN_UNINITIALIZED_AUTOS = YES_AGGRESSIVE;
				GCC_WARN_UNUSED_FUNCTION = YES;
				GCC_WARN_UNUSED_VARIABLE = YES;
				IPHONEOS_DEPLOYMENT_TARGET = 17.2;
				LOCALIZATION_PREFERS_STRING_CATALOGS = YES;
				MTL_ENABLE_DEBUG_INFO = NO;
				MTL_FAST_MATH = YES;
				SDKROOT = iphoneos;
				SWIFT_COMPILATION_MODE = wholemodule;
				VALIDATE_PRODUCT = YES;
			};
			name = Release;
		};
		515899FF2BAEFDBB00DC3959 /* Debug */ = {
			isa = XCBuildConfiguration;
			buildSettings = {
				ASSETCATALOG_COMPILER_APPICON_NAME = AppIcon;
				ASSETCATALOG_COMPILER_GLOBAL_ACCENT_COLOR_NAME = AccentColor;
				CODE_SIGN_STYLE = Automatic;
				CURRENT_PROJECT_VERSION = 1;
				DEVELOPMENT_TEAM = L8B32G5L9J;
				GENERATE_INFOPLIST_FILE = YES;
				INFOPLIST_FILE = travelBook/Info.plist;
				INFOPLIST_KEY_UIApplicationSupportsIndirectInputEvents = YES;
				INFOPLIST_KEY_UILaunchStoryboardName = LaunchScreen;
				INFOPLIST_KEY_UIMainStoryboardFile = Main;
				INFOPLIST_KEY_UISupportedInterfaceOrientations_iPad = "UIInterfaceOrientationPortrait UIInterfaceOrientationPortraitUpsideDown UIInterfaceOrientationLandscapeLeft UIInterfaceOrientationLandscapeRight";
				INFOPLIST_KEY_UISupportedInterfaceOrientations_iPhone = "UIInterfaceOrientationPortrait UIInterfaceOrientationLandscapeLeft UIInterfaceOrientationLandscapeRight";
				LD_RUNPATH_SEARCH_PATHS = (
					"$(inherited)",
					"@executable_path/Frameworks",
				);
				MARKETING_VERSION = 1.0;
				PRODUCT_BUNDLE_IDENTIFIER = com.cerencabik.travelBook;
				PRODUCT_NAME = "$(TARGET_NAME)";
				SWIFT_EMIT_LOC_STRINGS = YES;
				SWIFT_VERSION = 5.0;
				TARGETED_DEVICE_FAMILY = "1,2";
			};
			name = Debug;
		};
		51589A002BAEFDBB00DC3959 /* Release */ = {
			isa = XCBuildConfiguration;
			buildSettings = {
				ASSETCATALOG_COMPILER_APPICON_NAME = AppIcon;
				ASSETCATALOG_COMPILER_GLOBAL_ACCENT_COLOR_NAME = AccentColor;
				CODE_SIGN_STYLE = Automatic;
				CURRENT_PROJECT_VERSION = 1;
				DEVELOPMENT_TEAM = L8B32G5L9J;
				GENERATE_INFOPLIST_FILE = YES;
				INFOPLIST_FILE = travelBook/Info.plist;
				INFOPLIST_KEY_UIApplicationSupportsIndirectInputEvents = YES;
				INFOPLIST_KEY_UILaunchStoryboardName = LaunchScreen;
				INFOPLIST_KEY_UIMainStoryboardFile = Main;
				INFOPLIST_KEY_UISupportedInterfaceOrientations_iPad = "UIInterfaceOrientationPortrait UIInterfaceOrientationPortraitUpsideDown UIInterfaceOrientationLandscapeLeft UIInterfaceOrientationLandscapeRight";
				INFOPLIST_KEY_UISupportedInterfaceOrientations_iPhone = "UIInterfaceOrientationPortrait UIInterfaceOrientationLandscapeLeft UIInterfaceOrientationLandscapeRight";
				LD_RUNPATH_SEARCH_PATHS = (
					"$(inherited)",
					"@executable_path/Frameworks",
				);
				MARKETING_VERSION = 1.0;
				PRODUCT_BUNDLE_IDENTIFIER = com.cerencabik.travelBook;
				PRODUCT_NAME = "$(TARGET_NAME)";
				SWIFT_EMIT_LOC_STRINGS = YES;
				SWIFT_VERSION = 5.0;
				TARGETED_DEVICE_FAMILY = "1,2";
			};
			name = Release;
		};
/* End XCBuildConfiguration section */

/* Begin XCConfigurationList section */
		515899E22BAEFDB900DC3959 /* Build configuration list for PBXProject "travelBook" */ = {
			isa = XCConfigurationList;
			buildConfigurations = (
				515899FC2BAEFDBB00DC3959 /* Debug */,
				515899FD2BAEFDBB00DC3959 /* Release */,
			);
			defaultConfigurationIsVisible = 0;
			defaultConfigurationName = Release;
		};
		515899FE2BAEFDBB00DC3959 /* Build configuration list for PBXNativeTarget "travelBook" */ = {
			isa = XCConfigurationList;
			buildConfigurations = (
				515899FF2BAEFDBB00DC3959 /* Debug */,
				51589A002BAEFDBB00DC3959 /* Release */,
			);
			defaultConfigurationIsVisible = 0;
			defaultConfigurationName = Release;
		};
/* End XCConfigurationList section */

/* Begin XCVersionGroup section */
		515899F32BAEFDB900DC3959 /* travelBook.xcdatamodeld */ = {
			isa = XCVersionGroup;
			children = (
				515899F42BAEFDB900DC3959 /* travelBook.xcdatamodel */,
			);
			currentVersion = 515899F42BAEFDB900DC3959 /* travelBook.xcdatamodel */;
			path = travelBook.xcdatamodeld;
			sourceTree = "<group>";
			versionGroupType = wrapper.xcdatamodel;
		};
/* End XCVersionGroup section */
	};
	rootObject = 515899DF2BAEFDB900DC3959 /* Project object */;
}
